
Microsoft Visual Studio Solution File, Format Version 12.00
# Visual Studio Version 16
VisualStudioVersion = 16.0.30320.27
MinimumVisualStudioVersion = 10.0.40219.1
Project("{FAE04EC0-301F-11D3-BF4B-00C04F79EFBC}") = "BakeryApplication", "BakeryApplication\BakeryApplication.csproj", "{ECB9D844-7F44-46E3-9704-0C8FBA8BDB3E}"
EndProject
Global
	GlobalSection(SolutionConfigurationPlatforms) = preSolution
		Debug|Any CPU = Debug|Any CPU
		Release|Any CPU = Release|Any CPU
	EndGlobalSection
	GlobalSection(ProjectConfigurationPlatforms) = postSolution
		{ECB9D844-7F44-46E3-9704-0C8FBA8BDB3E}.Debug|Any CPU.ActiveCfg = Debug|Any CPU
		{ECB9D844-7F44-46E3-9704-0C8FBA8BDB3E}.Debug|Any CPU.Build.0 = Debug|Any CPU
		{ECB9D844-7F44-46E3-9704-0C8FBA8BDB3E}.Release|Any CPU.ActiveCfg = Release|Any CPU
		{ECB9D844-7F44-46E3-9704-0C8FBA8BDB3E}.Release|Any CPU.Build.0 = Release|Any CPU
	EndGlobalSection
	GlobalSection(SolutionProperties) = preSolution
		HideSolutionNode = FALSE
	EndGlobalSection
	GlobalSection(ExtensibilityGlobals) = postSolution
		SolutionGuid = {254B730A-2BC5-4516-AE12-DAFC449B918D}
	EndGlobalSection
EndGlobal
